// !$*UTF8*$!
{
	archiveVersion = 1;
	classes = {
	};
	objectVersion = 51;
	objects = {

/* Begin PBXBuildFile section */
		08B001060C93E8A074EC1E6A /* Pods_RLAccountKit.framework in Frameworks */ = {isa = PBXBuildFile; fileRef = D0893A40C329D1BFE2181B9E /* Pods_RLAccountKit.framework */; settings = {ATTRIBUTES = (Required, ); }; };
		48111D1D248334250080D068 /* IQTextView.m in Sources */ = {isa = PBXBuildFile; fileRef = 48111CFA248334250080D068 /* IQTextView.m */; };
		48111D1E248334250080D068 /* IQToolbar.m in Sources */ = {isa = PBXBuildFile; fileRef = 48111CFE248334250080D068 /* IQToolbar.m */; };
		48111D1F248334250080D068 /* IQTitleBarButtonItem.m in Sources */ = {isa = PBXBuildFile; fileRef = 48111D00248334250080D068 /* IQTitleBarButtonItem.m */; };
		48111D20248334250080D068 /* IQBarButtonItem.m in Sources */ = {isa = PBXBuildFile; fileRef = 48111D01248334250080D068 /* IQBarButtonItem.m */; };
		48111D21248334250080D068 /* IQUIView+IQKeyboardToolbar.m in Sources */ = {isa = PBXBuildFile; fileRef = 48111D02248334250080D068 /* IQUIView+IQKeyboardToolbar.m */; };
		48111D22248334250080D068 /* IQPreviousNextView.m in Sources */ = {isa = PBXBuildFile; fileRef = 48111D03248334250080D068 /* IQPreviousNextView.m */; };
		48111D23248334250080D068 /* IQKeyboardManager.bundle in Resources */ = {isa = PBXBuildFile; fileRef = 48111D0B248334250080D068 /* IQKeyboardManager.bundle */; };
		48111D24248334250080D068 /* IQKeyboardManager.m in Sources */ = {isa = PBXBuildFile; fileRef = 48111D0E248334250080D068 /* IQKeyboardManager.m */; };
		48111D25248334250080D068 /* IQNSArray+Sort.m in Sources */ = {isa = PBXBuildFile; fileRef = 48111D10248334250080D068 /* IQNSArray+Sort.m */; };
		48111D26248334250080D068 /* IQUIWindow+Hierarchy.m in Sources */ = {isa = PBXBuildFile; fileRef = 48111D11248334250080D068 /* IQUIWindow+Hierarchy.m */; };
		48111D27248334250080D068 /* IQUITextFieldView+Additions.m in Sources */ = {isa = PBXBuildFile; fileRef = 48111D13248334250080D068 /* IQUITextFieldView+Additions.m */; };
		48111D28248334250080D068 /* IQUIScrollView+Additions.m in Sources */ = {isa = PBXBuildFile; fileRef = 48111D14248334250080D068 /* IQUIScrollView+Additions.m */; };
		48111D29248334250080D068 /* IQUIView+Hierarchy.m in Sources */ = {isa = PBXBuildFile; fileRef = 48111D15248334250080D068 /* IQUIView+Hierarchy.m */; };
		48111D2A248334250080D068 /* IQUIViewController+Additions.m in Sources */ = {isa = PBXBuildFile; fileRef = 48111D1A248334250080D068 /* IQUIViewController+Additions.m */; };
		48111D2B248334250080D068 /* IQKeyboardReturnKeyHandler.m in Sources */ = {isa = PBXBuildFile; fileRef = 48111D1C248334250080D068 /* IQKeyboardReturnKeyHandler.m */; };
		48111D4E24834C480080D068 /* XYIntroductionPage.m in Sources */ = {isa = PBXBuildFile; fileRef = 48111D4824834C480080D068 /* XYIntroductionPage.m */; };
		48111D5024834C480080D068 /* UIImage+XYGif.m in Sources */ = {isa = PBXBuildFile; fileRef = 48111D4C24834C480080D068 /* UIImage+XYGif.m */; };
		48111D61248413470080D068 /* LocalViewController.m in Sources */ = {isa = PBXBuildFile; fileRef = 48111D5E248413470080D068 /* LocalViewController.m */; };
		48111D62248413470080D068 /* LoginViewController.m in Sources */ = {isa = PBXBuildFile; fileRef = 48111D5F248413470080D068 /* LoginViewController.m */; };
		48111D66248414160080D068 /* UIColor+RL.m in Sources */ = {isa = PBXBuildFile; fileRef = 48111D65248414160080D068 /* UIColor+RL.m */; };
		48111D69248414870080D068 /* UIImage+RL.m in Sources */ = {isa = PBXBuildFile; fileRef = 48111D67248414870080D068 /* UIImage+RL.m */; };
		48111D6C248415510080D068 /* NSBundle+Get.m in Sources */ = {isa = PBXBuildFile; fileRef = 48111D6A248415510080D068 /* NSBundle+Get.m */; };
		48111D9124841B790080D068 /* BaseModalTransitionAnimator.m in Sources */ = {isa = PBXBuildFile; fileRef = 48111D7D24841B790080D068 /* BaseModalTransitionAnimator.m */; };
		48111D9224841B790080D068 /* BaseCurveTransitionAnimation.m in Sources */ = {isa = PBXBuildFile; fileRef = 48111D7E24841B790080D068 /* BaseCurveTransitionAnimation.m */; };
		48111D9324841B790080D068 /* DismissLogicalProcessing.m in Sources */ = {isa = PBXBuildFile; fileRef = 48111D7F24841B790080D068 /* DismissLogicalProcessing.m */; };
		48111D9424841B790080D068 /* BaseTransitionController.m in Sources */ = {isa = PBXBuildFile; fileRef = 48111D8024841B790080D068 /* BaseTransitionController.m */; };
		48111D9524841B790080D068 /* BaseDismissInteractor.m in Sources */ = {isa = PBXBuildFile; fileRef = 48111D8524841B790080D068 /* BaseDismissInteractor.m */; };
		48111D9624841B790080D068 /* ConditionalPanGestureRecognizer.m in Sources */ = {isa = PBXBuildFile; fileRef = 48111D8624841B790080D068 /* ConditionalPanGestureRecognizer.m */; };
		48111D9824841B790080D068 /* CustomTransparentNavBar.m in Sources */ = {isa = PBXBuildFile; fileRef = 48111D8A24841B790080D068 /* CustomTransparentNavBar.m */; };
		48111D9924841B790080D068 /* BaseViewController.m in Sources */ = {isa = PBXBuildFile; fileRef = 48111D8B24841B790080D068 /* BaseViewController.m */; };
		48111D9A24841B790080D068 /* BaseNavigationController.m in Sources */ = {isa = PBXBuildFile; fileRef = 48111D8C24841B790080D068 /* BaseNavigationController.m */; };
		48111DA024841C750080D068 /* UIView+RL.m in Sources */ = {isa = PBXBuildFile; fileRef = 48111D9F24841C750080D068 /* UIView+RL.m */; };
		481306CD24936FE30079819E /* NetworkManager.m in Sources */ = {isa = PBXBuildFile; fileRef = 481306CC24936FE30079819E /* NetworkManager.m */; };
		481306D32496259B0079819E /* SuccessView.m in Sources */ = {isa = PBXBuildFile; fileRef = 481306D22496259B0079819E /* SuccessView.m */; };
		48130721249676F00079819E /* NSString+Crypto.m in Sources */ = {isa = PBXBuildFile; fileRef = 48130720249676F00079819E /* NSString+Crypto.m */; };
		4857FD042482D8C70084C045 /* AppDelegate.m in Sources */ = {isa = PBXBuildFile; fileRef = 4857FD032482D8C70084C045 /* AppDelegate.m */; };
		4857FD0F2482D8C90084C045 /* Assets.xcassets in Resources */ = {isa = PBXBuildFile; fileRef = 4857FD0E2482D8C90084C045 /* Assets.xcassets */; };
		4857FD152482D8C90084C045 /* main.m in Sources */ = {isa = PBXBuildFile; fileRef = 4857FD142482D8C90084C045 /* main.m */; };
		4857FD242482DB1B0084C045 /* RootViewController.m in Sources */ = {isa = PBXBuildFile; fileRef = 4857FD232482DB1B0084C045 /* RootViewController.m */; };
		48595EDA24855BF300CECCBD /* UIAlertController+Toast.m in Sources */ = {isa = PBXBuildFile; fileRef = 48595ED924855BF300CECCBD /* UIAlertController+Toast.m */; };
		48595EE12485780300CECCBD /* LoginDebugViewController.m in Sources */ = {isa = PBXBuildFile; fileRef = 48595EE02485780300CECCBD /* LoginDebugViewController.m */; };
		48595EEA2487530000CECCBD /* libc++.1.tbd in Frameworks */ = {isa = PBXBuildFile; fileRef = 48595EE9248752E900CECCBD /* libc++.1.tbd */; };
		48595EEC2487530D00CECCBD /* libz.1.2.8.tbd in Frameworks */ = {isa = PBXBuildFile; fileRef = 48595EEB2487530D00CECCBD /* libz.1.2.8.tbd */; };
		487772AB249134B700AB4115 /* AppLanding.xib in Resources */ = {isa = PBXBuildFile; fileRef = 487772A9249134B700AB4115 /* AppLanding.xib */; };
		48E81775249B3E3400362DAB /* EAccountHYSDK.framework in Frameworks */ = {isa = PBXBuildFile; fileRef = 48E8176A249B3E3400362DAB /* EAccountHYSDK.framework */; };
		48E81776249B3E3400362DAB /* TYRZSDK.framework in Frameworks */ = {isa = PBXBuildFile; fileRef = 48E8176C249B3E3400362DAB /* TYRZSDK.framework */; };
		48E81777249B3E3400362DAB /* account_login_sdk_core.framework in Frameworks */ = {isa = PBXBuildFile; fileRef = 48E8176E249B3E3400362DAB /* account_login_sdk_core.framework */; };
		48E81778249B3E3400362DAB /* RLVerification.framework in Frameworks */ = {isa = PBXBuildFile; fileRef = 48E8176F249B3E3400362DAB /* RLVerification.framework */; };
		48E81779249B3E3400362DAB /* TYRZResource.bundle in Resources */ = {isa = PBXBuildFile; fileRef = 48E81771249B3E3400362DAB /* TYRZResource.bundle */; };
		48E8177A249B3E3400362DAB /* uni_account_login_res.bundle in Resources */ = {isa = PBXBuildFile; fileRef = 48E81772249B3E3400362DAB /* uni_account_login_res.bundle */; };
		48E8177B249B3E3400362DAB /* EAccountOpenPageResource.bundle in Resources */ = {isa = PBXBuildFile; fileRef = 48E81773249B3E3400362DAB /* EAccountOpenPageResource.bundle */; };
		48E8177C249B3E3400362DAB /* RLVerification.bundle in Resources */ = {isa = PBXBuildFile; fileRef = 48E81774249B3E3400362DAB /* RLVerification.bundle */; };
		8B83A2C624F8945200DB0082 /* ZDUserPwdLoginVC.m in Sources */ = {isa = PBXBuildFile; fileRef = 8B83A2C524F8945200DB0082 /* ZDUserPwdLoginVC.m */; };
		8B83A2C924F8B24300DB0082 /* ZDStandbyListVC.m in Sources */ = {isa = PBXBuildFile; fileRef = 8B83A2C824F8B24200DB0082 /* ZDStandbyListVC.m */; };
		8B83A2CC24F8D3AD00DB0082 /* ZDWebViewVC.m in Sources */ = {isa = PBXBuildFile; fileRef = 8B83A2CB24F8D3AD00DB0082 /* ZDWebViewVC.m */; };
		8BC2A5082510D9D800A01039 /* NSTimer+ZDBlockTimer.m in Sources */ = {isa = PBXBuildFile; fileRef = 8BC2A5072510D9D800A01039 /* NSTimer+ZDBlockTimer.m */; };
		8BC2A50E2511AAA800A01039 /* ZDToastView.m in Sources */ = {isa = PBXBuildFile; fileRef = 8BC2A50D2511AAA800A01039 /* ZDToastView.m */; };
/* End PBXBuildFile section */

/* Begin PBXFileReference section */
		06F783A23D1CA0CA4F359F7D /* Pods-RLAccountKit.debug.xcconfig */ = {isa = PBXFileReference; includeInIndex = 1; lastKnownFileType = text.xcconfig; name = "Pods-RLAccountKit.debug.xcconfig"; path = "Target Support Files/Pods-RLAccountKit/Pods-RLAccountKit.debug.xcconfig"; sourceTree = "<group>"; };
		48111CFA248334250080D068 /* IQTextView.m */ = {isa = PBXFileReference; fileEncoding = 4; lastKnownFileType = sourcecode.c.objc; path = IQTextView.m; sourceTree = "<group>"; };
		48111CFB248334250080D068 /* IQTextView.h */ = {isa = PBXFileReference; fileEncoding = 4; lastKnownFileType = sourcecode.c.h; path = IQTextView.h; sourceTree = "<group>"; };
		48111CFD248334250080D068 /* IQUIView+IQKeyboardToolbar.h */ = {isa = PBXFileReference; fileEncoding = 4; lastKnownFileType = sourcecode.c.h; path = "IQUIView+IQKeyboardToolbar.h"; sourceTree = "<group>"; };
		48111CFE248334250080D068 /* IQToolbar.m */ = {isa = PBXFileReference; fileEncoding = 4; lastKnownFileType = sourcecode.c.objc; path = IQToolbar.m; sourceTree = "<group>"; };
		48111CFF248334250080D068 /* IQPreviousNextView.h */ = {isa = PBXFileReference; fileEncoding = 4; lastKnownFileType = sourcecode.c.h; path = IQPreviousNextView.h; sourceTree = "<group>"; };
		48111D00248334250080D068 /* IQTitleBarButtonItem.m */ = {isa = PBXFileReference; fileEncoding = 4; lastKnownFileType = sourcecode.c.objc; path = IQTitleBarButtonItem.m; sourceTree = "<group>"; };
		48111D01248334250080D068 /* IQBarButtonItem.m */ = {isa = PBXFileReference; fileEncoding = 4; lastKnownFileType = sourcecode.c.objc; path = IQBarButtonItem.m; sourceTree = "<group>"; };
		48111D02248334250080D068 /* IQUIView+IQKeyboardToolbar.m */ = {isa = PBXFileReference; fileEncoding = 4; lastKnownFileType = sourcecode.c.objc; path = "IQUIView+IQKeyboardToolbar.m"; sourceTree = "<group>"; };
		48111D03248334250080D068 /* IQPreviousNextView.m */ = {isa = PBXFileReference; fileEncoding = 4; lastKnownFileType = sourcecode.c.objc; path = IQPreviousNextView.m; sourceTree = "<group>"; };
		48111D04248334250080D068 /* IQToolbar.h */ = {isa = PBXFileReference; fileEncoding = 4; lastKnownFileType = sourcecode.c.h; path = IQToolbar.h; sourceTree = "<group>"; };
		48111D05248334250080D068 /* IQBarButtonItem.h */ = {isa = PBXFileReference; fileEncoding = 4; lastKnownFileType = sourcecode.c.h; path = IQBarButtonItem.h; sourceTree = "<group>"; };
		48111D06248334250080D068 /* IQTitleBarButtonItem.h */ = {isa = PBXFileReference; fileEncoding = 4; lastKnownFileType = sourcecode.c.h; path = IQTitleBarButtonItem.h; sourceTree = "<group>"; };
		48111D08248334250080D068 /* IQKeyboardManagerConstantsInternal.h */ = {isa = PBXFileReference; fileEncoding = 4; lastKnownFileType = sourcecode.c.h; path = IQKeyboardManagerConstantsInternal.h; sourceTree = "<group>"; };
		48111D09248334250080D068 /* IQKeyboardManagerConstants.h */ = {isa = PBXFileReference; fileEncoding = 4; lastKnownFileType = sourcecode.c.h; path = IQKeyboardManagerConstants.h; sourceTree = "<group>"; };
		48111D0B248334250080D068 /* IQKeyboardManager.bundle */ = {isa = PBXFileReference; lastKnownFileType = "wrapper.plug-in"; path = IQKeyboardManager.bundle; sourceTree = "<group>"; };
		48111D0C248334250080D068 /* IQKeyboardReturnKeyHandler.h */ = {isa = PBXFileReference; fileEncoding = 4; lastKnownFileType = sourcecode.c.h; path = IQKeyboardReturnKeyHandler.h; sourceTree = "<group>"; };
		48111D0D248334250080D068 /* IQKeyboardManager.h */ = {isa = PBXFileReference; fileEncoding = 4; lastKnownFileType = sourcecode.c.h; path = IQKeyboardManager.h; sourceTree = "<group>"; };
		48111D0E248334250080D068 /* IQKeyboardManager.m */ = {isa = PBXFileReference; fileEncoding = 4; lastKnownFileType = sourcecode.c.objc; path = IQKeyboardManager.m; sourceTree = "<group>"; };
		48111D10248334250080D068 /* IQNSArray+Sort.m */ = {isa = PBXFileReference; fileEncoding = 4; lastKnownFileType = sourcecode.c.objc; path = "IQNSArray+Sort.m"; sourceTree = "<group>"; };
		48111D11248334250080D068 /* IQUIWindow+Hierarchy.m */ = {isa = PBXFileReference; fileEncoding = 4; lastKnownFileType = sourcecode.c.objc; path = "IQUIWindow+Hierarchy.m"; sourceTree = "<group>"; };
		48111D12248334250080D068 /* IQUIViewController+Additions.h */ = {isa = PBXFileReference; fileEncoding = 4; lastKnownFileType = sourcecode.c.h; path = "IQUIViewController+Additions.h"; sourceTree = "<group>"; };
		48111D13248334250080D068 /* IQUITextFieldView+Additions.m */ = {isa = PBXFileReference; fileEncoding = 4; lastKnownFileType = sourcecode.c.objc; path = "IQUITextFieldView+Additions.m"; sourceTree = "<group>"; };
		48111D14248334250080D068 /* IQUIScrollView+Additions.m */ = {isa = PBXFileReference; fileEncoding = 4; lastKnownFileType = sourcecode.c.objc; path = "IQUIScrollView+Additions.m"; sourceTree = "<group>"; };
		48111D15248334250080D068 /* IQUIView+Hierarchy.m */ = {isa = PBXFileReference; fileEncoding = 4; lastKnownFileType = sourcecode.c.objc; path = "IQUIView+Hierarchy.m"; sourceTree = "<group>"; };
		48111D16248334250080D068 /* IQUIWindow+Hierarchy.h */ = {isa = PBXFileReference; fileEncoding = 4; lastKnownFileType = sourcecode.c.h; path = "IQUIWindow+Hierarchy.h"; sourceTree = "<group>"; };
		48111D17248334250080D068 /* IQNSArray+Sort.h */ = {isa = PBXFileReference; fileEncoding = 4; lastKnownFileType = sourcecode.c.h; path = "IQNSArray+Sort.h"; sourceTree = "<group>"; };
		48111D18248334250080D068 /* IQUIScrollView+Additions.h */ = {isa = PBXFileReference; fileEncoding = 4; lastKnownFileType = sourcecode.c.h; path = "IQUIScrollView+Additions.h"; sourceTree = "<group>"; };
		48111D19248334250080D068 /* IQUITextFieldView+Additions.h */ = {isa = PBXFileReference; fileEncoding = 4; lastKnownFileType = sourcecode.c.h; path = "IQUITextFieldView+Additions.h"; sourceTree = "<group>"; };
		48111D1A248334250080D068 /* IQUIViewController+Additions.m */ = {isa = PBXFileReference; fileEncoding = 4; lastKnownFileType = sourcecode.c.objc; path = "IQUIViewController+Additions.m"; sourceTree = "<group>"; };
		48111D1B248334250080D068 /* IQUIView+Hierarchy.h */ = {isa = PBXFileReference; fileEncoding = 4; lastKnownFileType = sourcecode.c.h; path = "IQUIView+Hierarchy.h"; sourceTree = "<group>"; };
		48111D1C248334250080D068 /* IQKeyboardReturnKeyHandler.m */ = {isa = PBXFileReference; fileEncoding = 4; lastKnownFileType = sourcecode.c.objc; path = IQKeyboardReturnKeyHandler.m; sourceTree = "<group>"; };
		48111D4724834C480080D068 /* XYIntroductionPage.h */ = {isa = PBXFileReference; fileEncoding = 4; lastKnownFileType = sourcecode.c.h; path = XYIntroductionPage.h; sourceTree = "<group>"; };
		48111D4824834C480080D068 /* XYIntroductionPage.m */ = {isa = PBXFileReference; fileEncoding = 4; lastKnownFileType = sourcecode.c.objc; path = XYIntroductionPage.m; sourceTree = "<group>"; };
		48111D4B24834C480080D068 /* UIImage+XYGif.h */ = {isa = PBXFileReference; fileEncoding = 4; lastKnownFileType = sourcecode.c.h; path = "UIImage+XYGif.h"; sourceTree = "<group>"; };
		48111D4C24834C480080D068 /* UIImage+XYGif.m */ = {isa = PBXFileReference; fileEncoding = 4; lastKnownFileType = sourcecode.c.objc; path = "UIImage+XYGif.m"; sourceTree = "<group>"; };
		48111D59248354CF0080D068 /* PrefixHeader.pch */ = {isa = PBXFileReference; fileEncoding = 4; lastKnownFileType = sourcecode.c.h; path = PrefixHeader.pch; sourceTree = "<group>"; };
		48111D5D248413470080D068 /* LoginViewController.h */ = {isa = PBXFileReference; fileEncoding = 4; lastKnownFileType = sourcecode.c.h; path = LoginViewController.h; sourceTree = "<group>"; };
		48111D5E248413470080D068 /* LocalViewController.m */ = {isa = PBXFileReference; fileEncoding = 4; lastKnownFileType = sourcecode.c.objc; path = LocalViewController.m; sourceTree = "<group>"; };
		48111D5F248413470080D068 /* LoginViewController.m */ = {isa = PBXFileReference; fileEncoding = 4; lastKnownFileType = sourcecode.c.objc; path = LoginViewController.m; sourceTree = "<group>"; };
		48111D60248413470080D068 /* LocalViewController.h */ = {isa = PBXFileReference; fileEncoding = 4; lastKnownFileType = sourcecode.c.h; path = LocalViewController.h; sourceTree = "<group>"; };
		48111D64248414160080D068 /* UIColor+RL.h */ = {isa = PBXFileReference; fileEncoding = 4; lastKnownFileType = sourcecode.c.h; path = "UIColor+RL.h"; sourceTree = "<group>"; };
		48111D65248414160080D068 /* UIColor+RL.m */ = {isa = PBXFileReference; fileEncoding = 4; lastKnownFileType = sourcecode.c.objc; path = "UIColor+RL.m"; sourceTree = "<group>"; };
		48111D67248414870080D068 /* UIImage+RL.m */ = {isa = PBXFileReference; fileEncoding = 4; lastKnownFileType = sourcecode.c.objc; path = "UIImage+RL.m"; sourceTree = "<group>"; };
		48111D68248414870080D068 /* UIImage+RL.h */ = {isa = PBXFileReference; fileEncoding = 4; lastKnownFileType = sourcecode.c.h; path = "UIImage+RL.h"; sourceTree = "<group>"; };
		48111D6A248415510080D068 /* NSBundle+Get.m */ = {isa = PBXFileReference; fileEncoding = 4; lastKnownFileType = sourcecode.c.objc; path = "NSBundle+Get.m"; sourceTree = "<group>"; };
		48111D6B248415510080D068 /* NSBundle+Get.h */ = {isa = PBXFileReference; fileEncoding = 4; lastKnownFileType = sourcecode.c.h; path = "NSBundle+Get.h"; sourceTree = "<group>"; };
		48111D7D24841B790080D068 /* BaseModalTransitionAnimator.m */ = {isa = PBXFileReference; fileEncoding = 4; lastKnownFileType = sourcecode.c.objc; path = BaseModalTransitionAnimator.m; sourceTree = "<group>"; };
		48111D7E24841B790080D068 /* BaseCurveTransitionAnimation.m */ = {isa = PBXFileReference; fileEncoding = 4; lastKnownFileType = sourcecode.c.objc; path = BaseCurveTransitionAnimation.m; sourceTree = "<group>"; };
		48111D7F24841B790080D068 /* DismissLogicalProcessing.m */ = {isa = PBXFileReference; fileEncoding = 4; lastKnownFileType = sourcecode.c.objc; path = DismissLogicalProcessing.m; sourceTree = "<group>"; };
		48111D8024841B790080D068 /* BaseTransitionController.m */ = {isa = PBXFileReference; fileEncoding = 4; lastKnownFileType = sourcecode.c.objc; path = BaseTransitionController.m; sourceTree = "<group>"; };
		48111D8124841B790080D068 /* ConditionalPanGestureRecognizer.h */ = {isa = PBXFileReference; fileEncoding = 4; lastKnownFileType = sourcecode.c.h; path = ConditionalPanGestureRecognizer.h; sourceTree = "<group>"; };
		48111D8224841B790080D068 /* BaseDismissInteractor.h */ = {isa = PBXFileReference; fileEncoding = 4; lastKnownFileType = sourcecode.c.h; path = BaseDismissInteractor.h; sourceTree = "<group>"; };
		48111D8324841B790080D068 /* BaseCurveTransitionAnimation.h */ = {isa = PBXFileReference; fileEncoding = 4; lastKnownFileType = sourcecode.c.h; path = BaseCurveTransitionAnimation.h; sourceTree = "<group>"; };
		48111D8424841B790080D068 /* BaseModalTransitionAnimator.h */ = {isa = PBXFileReference; fileEncoding = 4; lastKnownFileType = sourcecode.c.h; path = BaseModalTransitionAnimator.h; sourceTree = "<group>"; };
		48111D8524841B790080D068 /* BaseDismissInteractor.m */ = {isa = PBXFileReference; fileEncoding = 4; lastKnownFileType = sourcecode.c.objc; path = BaseDismissInteractor.m; sourceTree = "<group>"; };
		48111D8624841B790080D068 /* ConditionalPanGestureRecognizer.m */ = {isa = PBXFileReference; fileEncoding = 4; lastKnownFileType = sourcecode.c.objc; path = ConditionalPanGestureRecognizer.m; sourceTree = "<group>"; };
		48111D8724841B790080D068 /* BaseTransitionController.h */ = {isa = PBXFileReference; fileEncoding = 4; lastKnownFileType = sourcecode.c.h; path = BaseTransitionController.h; sourceTree = "<group>"; };
		48111D8824841B790080D068 /* DismissLogicalProcessing.h */ = {isa = PBXFileReference; fileEncoding = 4; lastKnownFileType = sourcecode.c.h; path = DismissLogicalProcessing.h; sourceTree = "<group>"; };
		48111D8A24841B790080D068 /* CustomTransparentNavBar.m */ = {isa = PBXFileReference; fileEncoding = 4; lastKnownFileType = sourcecode.c.objc; path = CustomTransparentNavBar.m; sourceTree = "<group>"; };
		48111D8B24841B790080D068 /* BaseViewController.m */ = {isa = PBXFileReference; fileEncoding = 4; lastKnownFileType = sourcecode.c.objc; path = BaseViewController.m; sourceTree = "<group>"; };
		48111D8C24841B790080D068 /* BaseNavigationController.m */ = {isa = PBXFileReference; fileEncoding = 4; lastKnownFileType = sourcecode.c.objc; path = BaseNavigationController.m; sourceTree = "<group>"; };
		48111D8E24841B790080D068 /* BaseNavigationController.h */ = {isa = PBXFileReference; fileEncoding = 4; lastKnownFileType = sourcecode.c.h; path = BaseNavigationController.h; sourceTree = "<group>"; };
		48111D8F24841B790080D068 /* CustomTransparentNavBar.h */ = {isa = PBXFileReference; fileEncoding = 4; lastKnownFileType = sourcecode.c.h; path = CustomTransparentNavBar.h; sourceTree = "<group>"; };
		48111D9024841B790080D068 /* BaseViewController.h */ = {isa = PBXFileReference; fileEncoding = 4; lastKnownFileType = sourcecode.c.h; path = BaseViewController.h; sourceTree = "<group>"; };
		48111D9E24841C750080D068 /* UIView+RL.h */ = {isa = PBXFileReference; fileEncoding = 4; lastKnownFileType = sourcecode.c.h; path = "UIView+RL.h"; sourceTree = "<group>"; };
		48111D9F24841C750080D068 /* UIView+RL.m */ = {isa = PBXFileReference; fileEncoding = 4; lastKnownFileType = sourcecode.c.objc; path = "UIView+RL.m"; sourceTree = "<group>"; };
		481306CB24936FE30079819E /* NetworkManager.h */ = {isa = PBXFileReference; fileEncoding = 4; lastKnownFileType = sourcecode.c.h; path = NetworkManager.h; sourceTree = "<group>"; };
		481306CC24936FE30079819E /* NetworkManager.m */ = {isa = PBXFileReference; fileEncoding = 4; lastKnownFileType = sourcecode.c.objc; path = NetworkManager.m; sourceTree = "<group>"; };
		481306D12496259B0079819E /* SuccessView.h */ = {isa = PBXFileReference; lastKnownFileType = sourcecode.c.h; path = SuccessView.h; sourceTree = "<group>"; };
		481306D22496259B0079819E /* SuccessView.m */ = {isa = PBXFileReference; lastKnownFileType = sourcecode.c.objc; path = SuccessView.m; sourceTree = "<group>"; };
		4813071F249676F00079819E /* NSString+Crypto.h */ = {isa = PBXFileReference; fileEncoding = 4; lastKnownFileType = sourcecode.c.h; path = "NSString+Crypto.h"; sourceTree = "<group>"; };
		48130720249676F00079819E /* NSString+Crypto.m */ = {isa = PBXFileReference; fileEncoding = 4; lastKnownFileType = sourcecode.c.objc; path = "NSString+Crypto.m"; sourceTree = "<group>"; };
		4813075A24968BC40079819E /* ArgsDefine.h */ = {isa = PBXFileReference; lastKnownFileType = sourcecode.c.h; path = ArgsDefine.h; sourceTree = "<group>"; };
		4857FCFF2482D8C70084C045 /* RLAccountKit.app */ = {isa = PBXFileReference; explicitFileType = wrapper.application; includeInIndex = 0; path = RLAccountKit.app; sourceTree = BUILT_PRODUCTS_DIR; };
		4857FD022482D8C70084C045 /* AppDelegate.h */ = {isa = PBXFileReference; lastKnownFileType = sourcecode.c.h; path = AppDelegate.h; sourceTree = "<group>"; };
		4857FD032482D8C70084C045 /* AppDelegate.m */ = {isa = PBXFileReference; lastKnownFileType = sourcecode.c.objc; path = AppDelegate.m; sourceTree = "<group>"; };
		4857FD0E2482D8C90084C045 /* Assets.xcassets */ = {isa = PBXFileReference; lastKnownFileType = folder.assetcatalog; path = Assets.xcassets; sourceTree = "<group>"; };
		4857FD132482D8C90084C045 /* Info.plist */ = {isa = PBXFileReference; lastKnownFileType = text.plist.xml; path = Info.plist; sourceTree = "<group>"; };
		4857FD142482D8C90084C045 /* main.m */ = {isa = PBXFileReference; lastKnownFileType = sourcecode.c.objc; path = main.m; sourceTree = "<group>"; };
		4857FD222482DB1B0084C045 /* RootViewController.h */ = {isa = PBXFileReference; lastKnownFileType = sourcecode.c.h; path = RootViewController.h; sourceTree = "<group>"; };
		4857FD232482DB1B0084C045 /* RootViewController.m */ = {isa = PBXFileReference; lastKnownFileType = sourcecode.c.objc; path = RootViewController.m; sourceTree = "<group>"; };
		48595ED824855BF300CECCBD /* UIAlertController+Toast.h */ = {isa = PBXFileReference; fileEncoding = 4; lastKnownFileType = sourcecode.c.h; path = "UIAlertController+Toast.h"; sourceTree = "<group>"; };
		48595ED924855BF300CECCBD /* UIAlertController+Toast.m */ = {isa = PBXFileReference; fileEncoding = 4; lastKnownFileType = sourcecode.c.objc; path = "UIAlertController+Toast.m"; sourceTree = "<group>"; };
		48595EDF2485780300CECCBD /* LoginDebugViewController.h */ = {isa = PBXFileReference; fileEncoding = 4; lastKnownFileType = sourcecode.c.h; path = LoginDebugViewController.h; sourceTree = "<group>"; };
		48595EE02485780300CECCBD /* LoginDebugViewController.m */ = {isa = PBXFileReference; fileEncoding = 4; lastKnownFileType = sourcecode.c.objc; path = LoginDebugViewController.m; sourceTree = "<group>"; };
		48595EE9248752E900CECCBD /* libc++.1.tbd */ = {isa = PBXFileReference; lastKnownFileType = "sourcecode.text-based-dylib-definition"; name = "libc++.1.tbd"; path = "usr/lib/libc++.1.tbd"; sourceTree = SDKROOT; };
		48595EEB2487530D00CECCBD /* libz.1.2.8.tbd */ = {isa = PBXFileReference; lastKnownFileType = "sourcecode.text-based-dylib-definition"; name = libz.1.2.8.tbd; path = usr/lib/libz.1.2.8.tbd; sourceTree = SDKROOT; };
		487772AA249134B700AB4115 /* Base */ = {isa = PBXFileReference; lastKnownFileType = file.xib; name = Base; path = Base.lproj/AppLanding.xib; sourceTree = "<group>"; };
		48E8176A249B3E3400362DAB /* EAccountHYSDK.framework */ = {isa = PBXFileReference; lastKnownFileType = wrapper.framework; path = EAccountHYSDK.framework; sourceTree = "<group>"; };
		48E8176C249B3E3400362DAB /* TYRZSDK.framework */ = {isa = PBXFileReference; lastKnownFileType = wrapper.framework; path = TYRZSDK.framework; sourceTree = "<group>"; };
		48E8176E249B3E3400362DAB /* account_login_sdk_core.framework */ = {isa = PBXFileReference; lastKnownFileType = wrapper.framework; path = account_login_sdk_core.framework; sourceTree = "<group>"; };
		48E8176F249B3E3400362DAB /* RLVerification.framework */ = {isa = PBXFileReference; lastKnownFileType = wrapper.framework; path = RLVerification.framework; sourceTree = "<group>"; };
		48E81771249B3E3400362DAB /* TYRZResource.bundle */ = {isa = PBXFileReference; lastKnownFileType = "wrapper.plug-in"; path = TYRZResource.bundle; sourceTree = "<group>"; };
		48E81772249B3E3400362DAB /* uni_account_login_res.bundle */ = {isa = PBXFileReference; lastKnownFileType = "wrapper.plug-in"; path = uni_account_login_res.bundle; sourceTree = "<group>"; };
		48E81773249B3E3400362DAB /* EAccountOpenPageResource.bundle */ = {isa = PBXFileReference; lastKnownFileType = "wrapper.plug-in"; path = EAccountOpenPageResource.bundle; sourceTree = "<group>"; };
		48E81774249B3E3400362DAB /* RLVerification.bundle */ = {isa = PBXFileReference; lastKnownFileType = "wrapper.plug-in"; path = RLVerification.bundle; sourceTree = "<group>"; };
		89A64E02A69BC209FF3CE13D /* Pods-RLAccountKit.release.xcconfig */ = {isa = PBXFileReference; includeInIndex = 1; lastKnownFileType = text.xcconfig; name = "Pods-RLAccountKit.release.xcconfig"; path = "Target Support Files/Pods-RLAccountKit/Pods-RLAccountKit.release.xcconfig"; sourceTree = "<group>"; };
		8B05A7BD2508C5E800B07457 /* AuthenticationServices.framework */ = {isa = PBXFileReference; lastKnownFileType = wrapper.framework; name = AuthenticationServices.framework; path = System/Library/Frameworks/AuthenticationServices.framework; sourceTree = SDKROOT; };
		8B83A2C424F8945200DB0082 /* ZDUserPwdLoginVC.h */ = {isa = PBXFileReference; lastKnownFileType = sourcecode.c.h; path = ZDUserPwdLoginVC.h; sourceTree = "<group>"; };
		8B83A2C524F8945200DB0082 /* ZDUserPwdLoginVC.m */ = {isa = PBXFileReference; lastKnownFileType = sourcecode.c.objc; path = ZDUserPwdLoginVC.m; sourceTree = "<group>"; };
		8B83A2C724F8B24200DB0082 /* ZDStandbyListVC.h */ = {isa = PBXFileReference; lastKnownFileType = sourcecode.c.h; path = ZDStandbyListVC.h; sourceTree = "<group>"; };
		8B83A2C824F8B24200DB0082 /* ZDStandbyListVC.m */ = {isa = PBXFileReference; lastKnownFileType = sourcecode.c.objc; path = ZDStandbyListVC.m; sourceTree = "<group>"; };
		8B83A2CA24F8D3AD00DB0082 /* ZDWebViewVC.h */ = {isa = PBXFileReference; lastKnownFileType = sourcecode.c.h; path = ZDWebViewVC.h; sourceTree = "<group>"; };
		8B83A2CB24F8D3AD00DB0082 /* ZDWebViewVC.m */ = {isa = PBXFileReference; lastKnownFileType = sourcecode.c.objc; path = ZDWebViewVC.m; sourceTree = "<group>"; };
		8BC2A5062510D9D800A01039 /* NSTimer+ZDBlockTimer.h */ = {isa = PBXFileReference; lastKnownFileType = sourcecode.c.h; path = "NSTimer+ZDBlockTimer.h"; sourceTree = "<group>"; };
		8BC2A5072510D9D800A01039 /* NSTimer+ZDBlockTimer.m */ = {isa = PBXFileReference; lastKnownFileType = sourcecode.c.objc; path = "NSTimer+ZDBlockTimer.m"; sourceTree = "<group>"; };
		8BC2A50C2511AAA800A01039 /* ZDToastView.h */ = {isa = PBXFileReference; lastKnownFileType = sourcecode.c.h; path = ZDToastView.h; sourceTree = "<group>"; };
		8BC2A50D2511AAA800A01039 /* ZDToastView.m */ = {isa = PBXFileReference; lastKnownFileType = sourcecode.c.objc; path = ZDToastView.m; sourceTree = "<group>"; };
		D0893A40C329D1BFE2181B9E /* Pods_RLAccountKit.framework */ = {isa = PBXFileReference; explicitFileType = wrapper.framework; includeInIndex = 0; path = Pods_RLAccountKit.framework; sourceTree = BUILT_PRODUCTS_DIR; };
/* End PBXFileReference section */

/* Begin PBXFrameworksBuildPhase section */
		4857FCFC2482D8C70084C045 /* Frameworks */ = {
			isa = PBXFrameworksBuildPhase;
			buildActionMask = 2147483647;
			files = (
				48E81777249B3E3400362DAB /* account_login_sdk_core.framework in Frameworks */,
				48E81778249B3E3400362DAB /* RLVerification.framework in Frameworks */,
				48E81775249B3E3400362DAB /* EAccountHYSDK.framework in Frameworks */,
				48595EEC2487530D00CECCBD /* libz.1.2.8.tbd in Frameworks */,
				48595EEA2487530000CECCBD /* libc++.1.tbd in Frameworks */,
				08B001060C93E8A074EC1E6A /* Pods_RLAccountKit.framework in Frameworks */,
				48E81776249B3E3400362DAB /* TYRZSDK.framework in Frameworks */,
			);
			runOnlyForDeploymentPostprocessing = 0;
		};
/* End PBXFrameworksBuildPhase section */

/* Begin PBXGroup section */
		1560EEC951A0FD2F02A6D8E4 /* Frameworks */ = {
			isa = PBXGroup;
			children = (
				8B05A7BD2508C5E800B07457 /* AuthenticationServices.framework */,
				48595EEB2487530D00CECCBD /* libz.1.2.8.tbd */,
				48595EE9248752E900CECCBD /* libc++.1.tbd */,
				D0893A40C329D1BFE2181B9E /* Pods_RLAccountKit.framework */,
			);
			name = Frameworks;
			sourceTree = "<group>";
		};
		48111CF72483340B0080D068 /* Utils */ = {
			isa = PBXGroup;
			children = (
				48111D7B24841B790080D068 /* Base */,
				48111D63248413D60080D068 /* Categories */,
				481307A72496A27B0079819E /* Other */,
				48111D4524834C480080D068 /* XYIntroductionAndLaunch */,
				48111CF8248334250080D068 /* IQKeyboardManager */,
			);
			path = Utils;
			sourceTree = "<group>";
		};
		48111CF8248334250080D068 /* IQKeyboardManager */ = {
			isa = PBXGroup;
			children = (
				48111CF9248334250080D068 /* IQTextView */,
				48111CFC248334250080D068 /* IQToolbar */,
				48111D07248334250080D068 /* Constants */,
				48111D0A248334250080D068 /* Resources */,
				48111D0C248334250080D068 /* IQKeyboardReturnKeyHandler.h */,
				48111D0D248334250080D068 /* IQKeyboardManager.h */,
				48111D0E248334250080D068 /* IQKeyboardManager.m */,
				48111D0F248334250080D068 /* Categories */,
				48111D1C248334250080D068 /* IQKeyboardReturnKeyHandler.m */,
			);
			path = IQKeyboardManager;
			sourceTree = "<group>";
		};
		48111CF9248334250080D068 /* IQTextView */ = {
			isa = PBXGroup;
			children = (
				48111CFB248334250080D068 /* IQTextView.h */,
				48111CFA248334250080D068 /* IQTextView.m */,
			);
			path = IQTextView;
			sourceTree = "<group>";
		};
		48111CFC248334250080D068 /* IQToolbar */ = {
			isa = PBXGroup;
			children = (
				48111D05248334250080D068 /* IQBarButtonItem.h */,
				48111D01248334250080D068 /* IQBarButtonItem.m */,
				48111CFF248334250080D068 /* IQPreviousNextView.h */,
				48111D03248334250080D068 /* IQPreviousNextView.m */,
				48111D06248334250080D068 /* IQTitleBarButtonItem.h */,
				48111D00248334250080D068 /* IQTitleBarButtonItem.m */,
				48111D04248334250080D068 /* IQToolbar.h */,
				48111CFE248334250080D068 /* IQToolbar.m */,
				48111CFD248334250080D068 /* IQUIView+IQKeyboardToolbar.h */,
				48111D02248334250080D068 /* IQUIView+IQKeyboardToolbar.m */,
			);
			path = IQToolbar;
			sourceTree = "<group>";
		};
		48111D07248334250080D068 /* Constants */ = {
			isa = PBXGroup;
			children = (
				48111D09248334250080D068 /* IQKeyboardManagerConstants.h */,
				48111D08248334250080D068 /* IQKeyboardManagerConstantsInternal.h */,
			);
			path = Constants;
			sourceTree = "<group>";
		};
		48111D0A248334250080D068 /* Resources */ = {
			isa = PBXGroup;
			children = (
				48111D0B248334250080D068 /* IQKeyboardManager.bundle */,
			);
			path = Resources;
			sourceTree = "<group>";
		};
		48111D0F248334250080D068 /* Categories */ = {
			isa = PBXGroup;
			children = (
				48111D17248334250080D068 /* IQNSArray+Sort.h */,
				48111D10248334250080D068 /* IQNSArray+Sort.m */,
				48111D18248334250080D068 /* IQUIScrollView+Additions.h */,
				48111D14248334250080D068 /* IQUIScrollView+Additions.m */,
				48111D19248334250080D068 /* IQUITextFieldView+Additions.h */,
				48111D13248334250080D068 /* IQUITextFieldView+Additions.m */,
				48111D1B248334250080D068 /* IQUIView+Hierarchy.h */,
				48111D15248334250080D068 /* IQUIView+Hierarchy.m */,
				48111D12248334250080D068 /* IQUIViewController+Additions.h */,
				48111D1A248334250080D068 /* IQUIViewController+Additions.m */,
				48111D16248334250080D068 /* IQUIWindow+Hierarchy.h */,
				48111D11248334250080D068 /* IQUIWindow+Hierarchy.m */,
			);
			path = Categories;
			sourceTree = "<group>";
		};
		48111D4524834C480080D068 /* XYIntroductionAndLaunch */ = {
			isa = PBXGroup;
			children = (
				48111D4624834C480080D068 /* XYIntroduction */,
			);
			path = XYIntroductionAndLaunch;
			sourceTree = "<group>";
		};
		48111D4624834C480080D068 /* XYIntroduction */ = {
			isa = PBXGroup;
			children = (
				48111D4724834C480080D068 /* XYIntroductionPage.h */,
				48111D4824834C480080D068 /* XYIntroductionPage.m */,
				48111D4B24834C480080D068 /* UIImage+XYGif.h */,
				48111D4C24834C480080D068 /* UIImage+XYGif.m */,
			);
			path = XYIntroduction;
			sourceTree = "<group>";
		};
		48111D5C2484132D0080D068 /* ViewController */ = {
			isa = PBXGroup;
			children = (
				48111D5D248413470080D068 /* LoginViewController.h */,
				48111D5F248413470080D068 /* LoginViewController.m */,
				48595EDF2485780300CECCBD /* LoginDebugViewController.h */,
				48595EE02485780300CECCBD /* LoginDebugViewController.m */,
				48111D60248413470080D068 /* LocalViewController.h */,
				48111D5E248413470080D068 /* LocalViewController.m */,
				481306D12496259B0079819E /* SuccessView.h */,
				481306D22496259B0079819E /* SuccessView.m */,
			);
			path = ViewController;
			sourceTree = "<group>";
		};
		48111D63248413D60080D068 /* Categories */ = {
			isa = PBXGroup;
			children = (
				4813071F249676F00079819E /* NSString+Crypto.h */,
				48130720249676F00079819E /* NSString+Crypto.m */,
				48595ED824855BF300CECCBD /* UIAlertController+Toast.h */,
				48595ED924855BF300CECCBD /* UIAlertController+Toast.m */,
				48111D64248414160080D068 /* UIColor+RL.h */,
				48111D65248414160080D068 /* UIColor+RL.m */,
				48111D68248414870080D068 /* UIImage+RL.h */,
				48111D67248414870080D068 /* UIImage+RL.m */,
				48111D6B248415510080D068 /* NSBundle+Get.h */,
				48111D6A248415510080D068 /* NSBundle+Get.m */,
				48111D9E24841C750080D068 /* UIView+RL.h */,
				48111D9F24841C750080D068 /* UIView+RL.m */,
			);
			path = Categories;
			sourceTree = "<group>";
		};
		48111D7B24841B790080D068 /* Base */ = {
			isa = PBXGroup;
			children = (
				48111D8E24841B790080D068 /* BaseNavigationController.h */,
				48111D8C24841B790080D068 /* BaseNavigationController.m */,
				48111D9024841B790080D068 /* BaseViewController.h */,
				48111D8B24841B790080D068 /* BaseViewController.m */,
				48111D8F24841B790080D068 /* CustomTransparentNavBar.h */,
				48111D8A24841B790080D068 /* CustomTransparentNavBar.m */,
				48111D7C24841B790080D068 /* Transition */,
			);
			path = Base;
			sourceTree = "<group>";
		};
		48111D7C24841B790080D068 /* Transition */ = {
			isa = PBXGroup;
			children = (
				48111D8324841B790080D068 /* BaseCurveTransitionAnimation.h */,
				48111D7E24841B790080D068 /* BaseCurveTransitionAnimation.m */,
				48111D8224841B790080D068 /* BaseDismissInteractor.h */,
				48111D8524841B790080D068 /* BaseDismissInteractor.m */,
				48111D8424841B790080D068 /* BaseModalTransitionAnimator.h */,
				48111D7D24841B790080D068 /* BaseModalTransitionAnimator.m */,
				48111D8724841B790080D068 /* BaseTransitionController.h */,
				48111D8024841B790080D068 /* BaseTransitionController.m */,
				48111D8124841B790080D068 /* ConditionalPanGestureRecognizer.h */,
				48111D8624841B790080D068 /* ConditionalPanGestureRecognizer.m */,
				48111D8824841B790080D068 /* DismissLogicalProcessing.h */,
				48111D7F24841B790080D068 /* DismissLogicalProcessing.m */,
			);
			path = Transition;
			sourceTree = "<group>";
		};
		481306CA24936FE30079819E /* Network */ = {
			isa = PBXGroup;
			children = (
				481306CB24936FE30079819E /* NetworkManager.h */,
				481306CC24936FE30079819E /* NetworkManager.m */,
			);
			path = Network;
			sourceTree = "<group>";
		};
		481307A72496A27B0079819E /* Other */ = {
			isa = PBXGroup;
			children = (
				8BC2A5062510D9D800A01039 /* NSTimer+ZDBlockTimer.h */,
				8BC2A5072510D9D800A01039 /* NSTimer+ZDBlockTimer.m */,
				8BC2A50C2511AAA800A01039 /* ZDToastView.h */,
				8BC2A50D2511AAA800A01039 /* ZDToastView.m */,
			);
			path = Other;
			sourceTree = "<group>";
		};
		4857FCF62482D8C70084C045 = {
			isa = PBXGroup;
			children = (
				48E81767249B3E3400362DAB /* RLVerification */,
				4857FD012482D8C70084C045 /* RLAccountKit */,
				4857FD002482D8C70084C045 /* Products */,
				8BEE0EAC8DFFB5F5432605B7 /* Pods */,
				1560EEC951A0FD2F02A6D8E4 /* Frameworks */,
			);
			sourceTree = "<group>";
		};
		4857FD002482D8C70084C045 /* Products */ = {
			isa = PBXGroup;
			children = (
				4857FCFF2482D8C70084C045 /* RLAccountKit.app */,
			);
			name = Products;
			sourceTree = "<group>";
		};
		4857FD012482D8C70084C045 /* RLAccountKit */ = {
			isa = PBXGroup;
			children = (
				4857FD202482DA420084C045 /* Main */,
				4857FD212482DA420084C045 /* Resources */,
				4857FD1C2482D98F0084C045 /* Supporting Files */,
			);
			path = RLAccountKit;
			sourceTree = "<group>";
		};
		4857FD1C2482D98F0084C045 /* Supporting Files */ = {
			isa = PBXGroup;
			children = (
				487772A9249134B700AB4115 /* AppLanding.xib */,
				4857FD132482D8C90084C045 /* Info.plist */,
				4857FD142482D8C90084C045 /* main.m */,
				48111D59248354CF0080D068 /* PrefixHeader.pch */,
			);
			name = "Supporting Files";
			sourceTree = "<group>";
		};
		4857FD202482DA420084C045 /* Main */ = {
			isa = PBXGroup;
			children = (
				48111CF72483340B0080D068 /* Utils */,
				481306CA24936FE30079819E /* Network */,
				48111D5C2484132D0080D068 /* ViewController */,
				8B83A2C324F8940600DB0082 /* StandbyVC */,
				4813075A24968BC40079819E /* ArgsDefine.h */,
				4857FD022482D8C70084C045 /* AppDelegate.h */,
				4857FD032482D8C70084C045 /* AppDelegate.m */,
				4857FD222482DB1B0084C045 /* RootViewController.h */,
				4857FD232482DB1B0084C045 /* RootViewController.m */,
			);
			path = Main;
			sourceTree = "<group>";
		};
		4857FD212482DA420084C045 /* Resources */ = {
			isa = PBXGroup;
			children = (
				4857FD0E2482D8C90084C045 /* Assets.xcassets */,
			);
			path = Resources;
			sourceTree = "<group>";
		};
		48E81767249B3E3400362DAB /* RLVerification */ = {
			isa = PBXGroup;
			children = (
				48E81768249B3E3400362DAB /* MobileSupportSDK */,
				48E8176F249B3E3400362DAB /* RLVerification.framework */,
				48E81770249B3E3400362DAB /* Bundle */,
			);
			path = RLVerification;
			sourceTree = "<group>";
		};
		48E81768249B3E3400362DAB /* MobileSupportSDK */ = {
			isa = PBXGroup;
			children = (
				48E81769249B3E3400362DAB /* CTCC */,
				48E8176B249B3E3400362DAB /* CMCC */,
				48E8176D249B3E3400362DAB /* CUCC */,
			);
			path = MobileSupportSDK;
			sourceTree = "<group>";
		};
		48E81769249B3E3400362DAB /* CTCC */ = {
			isa = PBXGroup;
			children = (
				48E8176A249B3E3400362DAB /* EAccountHYSDK.framework */,
			);
			path = CTCC;
			sourceTree = "<group>";
		};
		48E8176B249B3E3400362DAB /* CMCC */ = {
			isa = PBXGroup;
			children = (
				48E8176C249B3E3400362DAB /* TYRZSDK.framework */,
			);
			path = CMCC;
			sourceTree = "<group>";
		};
		48E8176D249B3E3400362DAB /* CUCC */ = {
			isa = PBXGroup;
			children = (
				48E8176E249B3E3400362DAB /* account_login_sdk_core.framework */,
			);
			path = CUCC;
			sourceTree = "<group>";
		};
		48E81770249B3E3400362DAB /* Bundle */ = {
			isa = PBXGroup;
			children = (
				48E81771249B3E3400362DAB /* TYRZResource.bundle */,
				48E81772249B3E3400362DAB /* uni_account_login_res.bundle */,
				48E81773249B3E3400362DAB /* EAccountOpenPageResource.bundle */,
				48E81774249B3E3400362DAB /* RLVerification.bundle */,
			);
			path = Bundle;
			sourceTree = "<group>";
		};
		8B83A2C324F8940600DB0082 /* StandbyVC */ = {
			isa = PBXGroup;
			children = (
				8B83A2C424F8945200DB0082 /* ZDUserPwdLoginVC.h */,
				8B83A2C524F8945200DB0082 /* ZDUserPwdLoginVC.m */,
				8B83A2C724F8B24200DB0082 /* ZDStandbyListVC.h */,
				8B83A2C824F8B24200DB0082 /* ZDStandbyListVC.m */,
				8B83A2CA24F8D3AD00DB0082 /* ZDWebViewVC.h */,
				8B83A2CB24F8D3AD00DB0082 /* ZDWebViewVC.m */,
			);
			path = StandbyVC;
			sourceTree = "<group>";
		};
		8BEE0EAC8DFFB5F5432605B7 /* Pods */ = {
			isa = PBXGroup;
			children = (
				06F783A23D1CA0CA4F359F7D /* Pods-RLAccountKit.debug.xcconfig */,
				89A64E02A69BC209FF3CE13D /* Pods-RLAccountKit.release.xcconfig */,
			);
			path = Pods;
			sourceTree = "<group>";
		};
/* End PBXGroup section */

/* Begin PBXNativeTarget section */
		4857FCFE2482D8C70084C045 /* RLAccountKit */ = {
			isa = PBXNativeTarget;
			buildConfigurationList = 4857FD182482D8C90084C045 /* Build configuration list for PBXNativeTarget "RLAccountKit" */;
			buildPhases = (
				8E666E7D88187971157709B1 /* [CP] Check Pods Manifest.lock */,
				4857FCFB2482D8C70084C045 /* Sources */,
				4857FCFC2482D8C70084C045 /* Frameworks */,
				4857FCFD2482D8C70084C045 /* Resources */,
				B08A27A6D92FE43811A25920 /* [CP] Embed Pods Frameworks */,
			);
			buildRules = (
			);
			dependencies = (
			);
			name = RLAccountKit;
			productName = RLAccountKit;
			productReference = 4857FCFF2482D8C70084C045 /* RLAccountKit.app */;
			productType = "com.apple.product-type.application";
		};
/* End PBXNativeTarget section */

/* Begin PBXProject section */
		4857FCF72482D8C70084C045 /* Project object */ = {
			isa = PBXProject;
			attributes = {
				LastUpgradeCheck = 1150;
				ORGANIZATIONNAME = ccop;
				TargetAttributes = {
					4857FCFE2482D8C70084C045 = {
						CreatedOnToolsVersion = 11.5;
					};
				};
			};
			buildConfigurationList = 4857FCFA2482D8C70084C045 /* Build configuration list for PBXProject "RLAccountKit" */;
			compatibilityVersion = "Xcode 9.3";
			developmentRegion = en;
			hasScannedForEncodings = 0;
			knownRegions = (
				en,
				Base,
			);
			mainGroup = 4857FCF62482D8C70084C045;
			productRefGroup = 4857FD002482D8C70084C045 /* Products */;
			projectDirPath = "";
			projectRoot = "";
			targets = (
				4857FCFE2482D8C70084C045 /* RLAccountKit */,
			);
		};
/* End PBXProject section */

/* Begin PBXResourcesBuildPhase section */
		4857FCFD2482D8C70084C045 /* Resources */ = {
			isa = PBXResourcesBuildPhase;
			buildActionMask = 2147483647;
			files = (
				48E81779249B3E3400362DAB /* TYRZResource.bundle in Resources */,
				48111D23248334250080D068 /* IQKeyboardManager.bundle in Resources */,
				48E8177B249B3E3400362DAB /* EAccountOpenPageResource.bundle in Resources */,
				4857FD0F2482D8C90084C045 /* Assets.xcassets in Resources */,
				487772AB249134B700AB4115 /* AppLanding.xib in Resources */,
				48E8177C249B3E3400362DAB /* RLVerification.bundle in Resources */,
				48E8177A249B3E3400362DAB /* uni_account_login_res.bundle in Resources */,
			);
			runOnlyForDeploymentPostprocessing = 0;
		};
/* End PBXResourcesBuildPhase section */

/* Begin PBXShellScriptBuildPhase section */
		8E666E7D88187971157709B1 /* [CP] Check Pods Manifest.lock */ = {
			isa = PBXShellScriptBuildPhase;
			buildActionMask = 2147483647;
			files = (
			);
			inputFileListPaths = (
			);
			inputPaths = (
				"${PODS_PODFILE_DIR_PATH}/Podfile.lock",
				"${PODS_ROOT}/Manifest.lock",
			);
			name = "[CP] Check Pods Manifest.lock";
			outputFileListPaths = (
			);
			outputPaths = (
				"$(DERIVED_FILE_DIR)/Pods-RLAccountKit-checkManifestLockResult.txt",
			);
			runOnlyForDeploymentPostprocessing = 0;
			shellPath = /bin/sh;
			shellScript = "diff \"${PODS_PODFILE_DIR_PATH}/Podfile.lock\" \"${PODS_ROOT}/Manifest.lock\" > /dev/null\nif [ $? != 0 ] ; then\n    # print error to STDERR\n    echo \"error: The sandbox is not in sync with the Podfile.lock. Run 'pod install' or update your CocoaPods installation.\" >&2\n    exit 1\nfi\n# This output is used by Xcode 'outputs' to avoid re-running this script phase.\necho \"SUCCESS\" > \"${SCRIPT_OUTPUT_FILE_0}\"\n";
			showEnvVarsInLog = 0;
		};
		B08A27A6D92FE43811A25920 /* [CP] Embed Pods Frameworks */ = {
			isa = PBXShellScriptBuildPhase;
			buildActionMask = 2147483647;
			files = (
			);
			inputFileListPaths = (
				"${PODS_ROOT}/Target Support Files/Pods-RLAccountKit/Pods-RLAccountKit-frameworks-${CONFIGURATION}-input-files.xcfilelist",
			);
			name = "[CP] Embed Pods Frameworks";
			outputFileListPaths = (
				"${PODS_ROOT}/Target Support Files/Pods-RLAccountKit/Pods-RLAccountKit-frameworks-${CONFIGURATION}-output-files.xcfilelist",
			);
			runOnlyForDeploymentPostprocessing = 0;
			shellPath = /bin/sh;
			shellScript = "\"${PODS_ROOT}/Target Support Files/Pods-RLAccountKit/Pods-RLAccountKit-frameworks.sh\"\n";
			showEnvVarsInLog = 0;
		};
/* End PBXShellScriptBuildPhase section */

/* Begin PBXSourcesBuildPhase section */
		4857FCFB2482D8C70084C045 /* Sources */ = {
			isa = PBXSourcesBuildPhase;
			buildActionMask = 2147483647;
			files = (
				48111D24248334250080D068 /* IQKeyboardManager.m in Sources */,
				48111D1E248334250080D068 /* IQToolbar.m in Sources */,
				48111D9624841B790080D068 /* ConditionalPanGestureRecognizer.m in Sources */,
				48111D66248414160080D068 /* UIColor+RL.m in Sources */,
				48111D9A24841B790080D068 /* BaseNavigationController.m in Sources */,
				48111D20248334250080D068 /* IQBarButtonItem.m in Sources */,
				48111D9224841B790080D068 /* BaseCurveTransitionAnimation.m in Sources */,
				48130721249676F00079819E /* NSString+Crypto.m in Sources */,
				8BC2A50E2511AAA800A01039 /* ZDToastView.m in Sources */,
				8BC2A5082510D9D800A01039 /* NSTimer+ZDBlockTimer.m in Sources */,
				48111D9124841B790080D068 /* BaseModalTransitionAnimator.m in Sources */,
				48111D61248413470080D068 /* LocalViewController.m in Sources */,
				48111D9424841B790080D068 /* BaseTransitionController.m in Sources */,
				48111DA024841C750080D068 /* UIView+RL.m in Sources */,
				48111D9324841B790080D068 /* DismissLogicalProcessing.m in Sources */,
				48111D27248334250080D068 /* IQUITextFieldView+Additions.m in Sources */,
				8B83A2C924F8B24300DB0082 /* ZDStandbyListVC.m in Sources */,
				48111D29248334250080D068 /* IQUIView+Hierarchy.m in Sources */,
				8B83A2CC24F8D3AD00DB0082 /* ZDWebViewVC.m in Sources */,
				48111D62248413470080D068 /* LoginViewController.m in Sources */,
				48111D9524841B790080D068 /* BaseDismissInteractor.m in Sources */,
				48111D5024834C480080D068 /* UIImage+XYGif.m in Sources */,
				48111D4E24834C480080D068 /* XYIntroductionPage.m in Sources */,
				48111D26248334250080D068 /* IQUIWindow+Hierarchy.m in Sources */,
				48111D69248414870080D068 /* UIImage+RL.m in Sources */,
				48111D9924841B790080D068 /* BaseViewController.m in Sources */,
				48111D1F248334250080D068 /* IQTitleBarButtonItem.m in Sources */,
				48111D2B248334250080D068 /* IQKeyboardReturnKeyHandler.m in Sources */,
				48111D21248334250080D068 /* IQUIView+IQKeyboardToolbar.m in Sources */,
				48111D9824841B790080D068 /* CustomTransparentNavBar.m in Sources */,
				481306D32496259B0079819E /* SuccessView.m in Sources */,
				4857FD042482D8C70084C045 /* AppDelegate.m in Sources */,
				48111D1D248334250080D068 /* IQTextView.m in Sources */,
				48595EDA24855BF300CECCBD /* UIAlertController+Toast.m in Sources */,
				48111D2A248334250080D068 /* IQUIViewController+Additions.m in Sources */,
				48111D28248334250080D068 /* IQUIScrollView+Additions.m in Sources */,
				4857FD242482DB1B0084C045 /* RootViewController.m in Sources */,
				48595EE12485780300CECCBD /* LoginDebugViewController.m in Sources */,
				4857FD152482D8C90084C045 /* main.m in Sources */,
				481306CD24936FE30079819E /* NetworkManager.m in Sources */,
				48111D22248334250080D068 /* IQPreviousNextView.m in Sources */,
				48111D25248334250080D068 /* IQNSArray+Sort.m in Sources */,
				48111D6C248415510080D068 /* NSBundle+Get.m in Sources */,
				8B83A2C624F8945200DB0082 /* ZDUserPwdLoginVC.m in Sources */,
			);
			runOnlyForDeploymentPostprocessing = 0;
		};
/* End PBXSourcesBuildPhase section */

/* Begin PBXVariantGroup section */
		487772A9249134B700AB4115 /* AppLanding.xib */ = {
			isa = PBXVariantGroup;
			children = (
				487772AA249134B700AB4115 /* Base */,
			);
			name = AppLanding.xib;
			sourceTree = "<group>";
		};
/* End PBXVariantGroup section */

/* Begin XCBuildConfiguration section */
		4857FD162482D8C90084C045 /* Debug */ = {
			isa = XCBuildConfiguration;
			buildSettings = {
				ALWAYS_SEARCH_USER_PATHS = NO;
				CLANG_ANALYZER_NONNULL = YES;
				CLANG_ANALYZER_NUMBER_OBJECT_CONVERSION = YES_AGGRESSIVE;
				CLANG_CXX_LANGUAGE_STANDARD = "gnu++14";
				CLANG_CXX_LIBRARY = "libc++";
				CLANG_ENABLE_MODULES = YES;
				CLANG_ENABLE_OBJC_ARC = YES;
				CLANG_ENABLE_OBJC_WEAK = YES;
				CLANG_WARN_BLOCK_CAPTURE_AUTORELEASING = YES;
				CLANG_WARN_BOOL_CONVERSION = YES;
				CLANG_WARN_COMMA = YES;
				CLANG_WARN_CONSTANT_CONVERSION = YES;
				CLANG_WARN_DEPRECATED_OBJC_IMPLEMENTATIONS = YES;
				CLANG_WARN_DIRECT_OBJC_ISA_USAGE = YES_ERROR;
				CLANG_WARN_DOCUMENTATION_COMMENTS = YES;
				CLANG_WARN_EMPTY_BODY = YES;
				CLANG_WARN_ENUM_CONVERSION = YES;
				CLANG_WARN_INFINITE_RECURSION = YES;
				CLANG_WARN_INT_CONVERSION = YES;
				CLANG_WARN_NON_LITERAL_NULL_CONVERSION = YES;
				CLANG_WARN_OBJC_IMPLICIT_RETAIN_SELF = YES;
				CLANG_WARN_OBJC_LITERAL_CONVERSION = YES;
				CLANG_WARN_OBJC_ROOT_CLASS = YES_ERROR;
				CLANG_WARN_RANGE_LOOP_ANALYSIS = YES;
				CLANG_WARN_STRICT_PROTOTYPES = YES;
				CLANG_WARN_SUSPICIOUS_MOVE = YES;
				CLANG_WARN_UNGUARDED_AVAILABILITY = YES_AGGRESSIVE;
				CLANG_WARN_UNREACHABLE_CODE = YES;
				CLANG_WARN__DUPLICATE_METHOD_MATCH = YES;
				COPY_PHASE_STRIP = NO;
				DEBUG_INFORMATION_FORMAT = dwarf;
				ENABLE_STRICT_OBJC_MSGSEND = YES;
				ENABLE_TESTABILITY = YES;
				GCC_C_LANGUAGE_STANDARD = gnu11;
				GCC_DYNAMIC_NO_PIC = NO;
				GCC_NO_COMMON_BLOCKS = YES;
				GCC_OPTIMIZATION_LEVEL = 0;
				GCC_PREPROCESSOR_DEFINITIONS = (
					"DEBUG=1",
					"$(inherited)",
				);
				GCC_WARN_64_TO_32_BIT_CONVERSION = YES;
				GCC_WARN_ABOUT_RETURN_TYPE = YES_ERROR;
				GCC_WARN_UNDECLARED_SELECTOR = YES;
				GCC_WARN_UNINITIALIZED_AUTOS = YES_AGGRESSIVE;
				GCC_WARN_UNUSED_FUNCTION = YES;
				GCC_WARN_UNUSED_VARIABLE = YES;
				IPHONEOS_DEPLOYMENT_TARGET = 9.0;
				MTL_ENABLE_DEBUG_INFO = INCLUDE_SOURCE;
				MTL_FAST_MATH = YES;
				ONLY_ACTIVE_ARCH = YES;
				SDKROOT = iphoneos;
			};
			name = Debug;
		};
		4857FD172482D8C90084C045 /* Release */ = {
			isa = XCBuildConfiguration;
			buildSettings = {
				ALWAYS_SEARCH_USER_PATHS = NO;
				CLANG_ANALYZER_NONNULL = YES;
				CLANG_ANALYZER_NUMBER_OBJECT_CONVERSION = YES_AGGRESSIVE;
				CLANG_CXX_LANGUAGE_STANDARD = "gnu++14";
				CLANG_CXX_LIBRARY = "libc++";
				CLANG_ENABLE_MODULES = YES;
				CLANG_ENABLE_OBJC_ARC = YES;
				CLANG_ENABLE_OBJC_WEAK = YES;
				CLANG_WARN_BLOCK_CAPTURE_AUTORELEASING = YES;
				CLANG_WARN_BOOL_CONVERSION = YES;
				CLANG_WARN_COMMA = YES;
				CLANG_WARN_CONSTANT_CONVERSION = YES;
				CLANG_WARN_DEPRECATED_OBJC_IMPLEMENTATIONS = YES;
				CLANG_WARN_DIRECT_OBJC_ISA_USAGE = YES_ERROR;
				CLANG_WARN_DOCUMENTATION_COMMENTS = YES;
				CLANG_WARN_EMPTY_BODY = YES;
				CLANG_WARN_ENUM_CONVERSION = YES;
				CLANG_WARN_INFINITE_RECURSION = YES;
				CLANG_WARN_INT_CONVERSION = YES;
				CLANG_WARN_NON_LITERAL_NULL_CONVERSION = YES;
				CLANG_WARN_OBJC_IMPLICIT_RETAIN_SELF = YES;
				CLANG_WARN_OBJC_LITERAL_CONVERSION = YES;
				CLANG_WARN_OBJC_ROOT_CLASS = YES_ERROR;
				CLANG_WARN_RANGE_LOOP_ANALYSIS = YES;
				CLANG_WARN_STRICT_PROTOTYPES = YES;
				CLANG_WARN_SUSPICIOUS_MOVE = YES;
				CLANG_WARN_UNGUARDED_AVAILABILITY = YES_AGGRESSIVE;
				CLANG_WARN_UNREACHABLE_CODE = YES;
				CLANG_WARN__DUPLICATE_METHOD_MATCH = YES;
				COPY_PHASE_STRIP = NO;
				DEBUG_INFORMATION_FORMAT = "dwarf-with-dsym";
				ENABLE_NS_ASSERTIONS = NO;
				ENABLE_STRICT_OBJC_MSGSEND = YES;
				GCC_C_LANGUAGE_STANDARD = gnu11;
				GCC_NO_COMMON_BLOCKS = YES;
				GCC_WARN_64_TO_32_BIT_CONVERSION = YES;
				GCC_WARN_ABOUT_RETURN_TYPE = YES_ERROR;
				GCC_WARN_UNDECLARED_SELECTOR = YES;
				GCC_WARN_UNINITIALIZED_AUTOS = YES_AGGRESSIVE;
				GCC_WARN_UNUSED_FUNCTION = YES;
				GCC_WARN_UNUSED_VARIABLE = YES;
				IPHONEOS_DEPLOYMENT_TARGET = 9.0;
				MTL_ENABLE_DEBUG_INFO = NO;
				MTL_FAST_MATH = YES;
				SDKROOT = iphoneos;
				VALIDATE_PRODUCT = YES;
			};
			name = Release;
		};
		4857FD192482D8C90084C045 /* Debug */ = {
			isa = XCBuildConfiguration;
			baseConfigurationReference = 06F783A23D1CA0CA4F359F7D /* Pods-RLAccountKit.debug.xcconfig */;
			buildSettings = {
				ASSETCATALOG_COMPILER_APPICON_NAME = AppIcon;
				CODE_SIGN_ENTITLEMENTS = RLAccountKit/RLAccountKitDebug.entitlements;
				CODE_SIGN_STYLE = Automatic;
				CURRENT_PROJECT_VERSION = 1;
				DEVELOPMENT_TEAM = "";
				FRAMEWORK_SEARCH_PATHS = (
					"$(inherited)",
					"$(PROJECT_DIR)/RLAccountKit/RLSDK/MobileSupportSDK/CTCC",
					"$(PROJECT_DIR)/RLAccountKit/RLSDK/MobileSupportSDK/CMCC",
					"$(PROJECT_DIR)/RLAccountKit/RLSDK/MobileSupportSDK/CUCC",
					"$(PROJECT_DIR)",
					"$(PROJECT_DIR)/MobileSupportSDK/CTCC",
					"$(PROJECT_DIR)/MobileSupportSDK/CMCC",
					"$(PROJECT_DIR)/MobileSupportSDK/CUCC",
					"$(PROJECT_DIR)/RLVerification/MobileSupportSDK/CTCC",
					"$(PROJECT_DIR)/RLVerification/MobileSupportSDK/CMCC",
					"$(PROJECT_DIR)/RLVerification/MobileSupportSDK/CUCC",
					"$(PROJECT_DIR)/RLVerification",
					"$(PROJECT_DIR)/RLSDK/MobileSupportSDK/CTCC",
					"$(PROJECT_DIR)/RLSDK/MobileSupportSDK/CMCC",
					"$(PROJECT_DIR)/RLSDK/MobileSupportSDK/CUCC",
				);
				GCC_PREFIX_HEADER = "$(PROJECT_DIR)/RLAccountKit//PrefixHeader.pch";
				HEADER_SEARCH_PATHS = (
					"$(inherited)",
					"\"${PODS_CONFIGURATION_BUILD_DIR}/SDWebImage/SDWebImage.framework/Headers\"",
					"\"$(PROJECT_DIR)/RLVerification/MobileSupportSDK/CTCC/EAccountHYSDK.framework/Headers\"",
				);
				INFOPLIST_FILE = RLAccountKit/Info.plist;
				LD_RUNPATH_SEARCH_PATHS = (
					"$(inherited)",
					"@executable_path/Frameworks",
				);
				MARKETING_VERSION = 1.0.6;
				OTHER_LDFLAGS = (
					"$(inherited)",
					"-framework",
					"\"ImageIO\"",
					"-lstdc++",
					"-force_load",
					"$(PROJECT_DIR)/RLVerification/MobileSupportSDK/CMCC/TYRZSDK.framework/TYRZSDK",
					"-force_load",
					"$(PROJECT_DIR)/RLVerification/MobileSupportSDK/CTCC/EAccountHYSDK.framework/EAccountHYSDK",
					"-force_load",
					"$(PROJECT_DIR)/RLVerification/RLVerification.framework/RLVerification",
				);
				PRODUCT_BUNDLE_IDENTIFIER = com.comp.project.name;
				PRODUCT_NAME = "$(TARGET_NAME)";
				TARGETED_DEVICE_FAMILY = 1;
			};
			name = Debug;
		};
		4857FD1A2482D8C90084C045 /* Release */ = {
			isa = XCBuildConfiguration;
			baseConfigurationReference = 89A64E02A69BC209FF3CE13D /* Pods-RLAccountKit.release.xcconfig */;
			buildSettings = {
				ASSETCATALOG_COMPILER_APPICON_NAME = AppIcon;
				CODE_SIGN_ENTITLEMENTS = RLAccountKit/RLAccountKitRelease.entitlements;
				CODE_SIGN_STYLE = Automatic;
				CURRENT_PROJECT_VERSION = 1;
				DEVELOPMENT_TEAM = "";
				FRAMEWORK_SEARCH_PATHS = (
					"$(inherited)",
					"$(PROJECT_DIR)/RLAccountKit/MobileSupportSDK/CTCC",
					"$(PROJECT_DIR)/RLAccountKit/MobileSupportSDK/CMCC",
					"$(PROJECT_DIR)/RLAccountKit/MobileSupportSDK/CUCC",
					"$(PROJECT_DIR)",
					"$(PROJECT_DIR)/RLAccountKit/RLSDK/MobileSupportSDK/CTCC",
					"$(PROJECT_DIR)/RLAccountKit/RLSDK/MobileSupportSDK/CMCC",
					"$(PROJECT_DIR)/RLAccountKit/RLSDK/MobileSupportSDK/CUCC",
					"$(PROJECT_DIR)/MobileSupportSDK/CTCC",
					"$(PROJECT_DIR)/MobileSupportSDK/CMCC",
					"$(PROJECT_DIR)/MobileSupportSDK/CUCC",
					"$(PROJECT_DIR)/RLVerification/MobileSupportSDK/CTCC",
					"$(PROJECT_DIR)/RLVerification/MobileSupportSDK/CMCC",
					"$(PROJECT_DIR)/RLVerification/MobileSupportSDK/CUCC",
					"$(PROJECT_DIR)/RLVerification",
					"$(PROJECT_DIR)/RLSDK/MobileSupportSDK/CTCC",
					"$(PROJECT_DIR)/RLSDK/MobileSupportSDK/CMCC",
					"$(PROJECT_DIR)/RLSDK/MobileSupportSDK/CUCC",
				);
				GCC_PREFIX_HEADER = "$(PROJECT_DIR)/RLAccountKit//PrefixHeader.pch";
				HEADER_SEARCH_PATHS = (
					"$(inherited)",
					"\"${PODS_CONFIGURATION_BUILD_DIR}/SDWebImage/SDWebImage.framework/Headers\"",
					"\"$(PROJECT_DIR)/RLAccountKit/MobileSupportSDK/CTCC/EAccountHYSDK.framework\"",
				);
				INFOPLIST_FILE = RLAccountKit/Info.plist;
				LD_RUNPATH_SEARCH_PATHS = (
					"$(inherited)",
					"@executable_path/Frameworks",
				);
				MARKETING_VERSION = 1.0.6;
				OTHER_LDFLAGS = (
					"$(inherited)",
					"-framework",
					"\"ImageIO\"",
					"-lstdc++",
					"-force_load",
					"$(PROJECT_DIR)/RLVerification/MobileSupportSDK/CMCC/TYRZSDK.framework/TYRZSDK",
					"-force_load",
					"$(PROJECT_DIR)/RLVerification/MobileSupportSDK/CTCC/EAccountHYSDK.framework/EAccountHYSDK",
					"-force_load",
					"$(PROJECT_DIR)/RLVerification/RLVerification.framework/RLVerification",
				);
				PRODUCT_BUNDLE_IDENTIFIER = com.comp.project.name;
				PRODUCT_NAME = "$(TARGET_NAME)";
				TARGETED_DEVICE_FAMILY = 1;
			};
			name = Release;
		};
/* End XCBuildConfiguration section */

/* Begin XCConfigurationList section */
		4857FCFA2482D8C70084C045 /* Build configuration list for PBXProject "RLAccountKit" */ = {
			isa = XCConfigurationList;
			buildConfigurations = (
				4857FD162482D8C90084C045 /* Debug */,
				4857FD172482D8C90084C045 /* Release */,
			);
			defaultConfigurationIsVisible = 0;
			defaultConfigurationName = Release;
		};
		4857FD182482D8C90084C045 /* Build configuration list for PBXNativeTarget "RLAccountKit" */ = {
			isa = XCConfigurationList;
			buildConfigurations = (
				4857FD192482D8C90084C045 /* Debug */,
				4857FD1A2482D8C90084C045 /* Release */,
			);
			defaultConfigurationIsVisible = 0;
			defaultConfigurationName = Release;
		};
/* End XCConfigurationList section */
	};
	rootObject = 4857FCF72482D8C70084C045 /* Project object */;
}
